// !$*UTF8*$!
{
	archiveVersion = 1;
	classes = {
	};
	objectVersion = 56;
	objects = {

/* Begin PBXBuildFile section */
		CE7C549E29A938C400B03731 /* AppDelegate.swift in Sources */ = {isa = PBXBuildFile; fileRef = CE7C549D29A938C400B03731 /* AppDelegate.swift */; };
		CE7C54A029A938C400B03731 /* SceneDelegate.swift in Sources */ = {isa = PBXBuildFile; fileRef = CE7C549F29A938C400B03731 /* SceneDelegate.swift */; };
		CE7C54A229A938C400B03731 /* ViewController.swift in Sources */ = {isa = PBXBuildFile; fileRef = CE7C54A129A938C400B03731 /* ViewController.swift */; };
		CE7C54A529A938C400B03731 /* Main.storyboard in Resources */ = {isa = PBXBuildFile; fileRef = CE7C54A329A938C400B03731 /* Main.storyboard */; };
		CE7C54A729A938C700B03731 /* Assets.xcassets in Resources */ = {isa = PBXBuildFile; fileRef = CE7C54A629A938C700B03731 /* Assets.xcassets */; };
		CE7C54AA29A938C700B03731 /* LaunchScreen.storyboard in Resources */ = {isa = PBXBuildFile; fileRef = CE7C54A829A938C700B03731 /* LaunchScreen.storyboard */; };
		CE7C54B229A939DC00B03731 /* WeatherModel.swift in Sources */ = {isa = PBXBuildFile; fileRef = CE7C54B129A939DC00B03731 /* WeatherModel.swift */; };
		CE7C54B429A939FD00B03731 /* WeatherData.swift in Sources */ = {isa = PBXBuildFile; fileRef = CE7C54B329A939FD00B03731 /* WeatherData.swift */; };
		CE7C54B629A93A2800B03731 /* WeatherManager.swift in Sources */ = {isa = PBXBuildFile; fileRef = CE7C54B529A93A2800B03731 /* WeatherManager.swift */; };
		CE7C54B829A93A3600B03731 /* Constants.swift in Sources */ = {isa = PBXBuildFile; fileRef = CE7C54B729A93A3600B03731 /* Constants.swift */; };
		CEFDBB3229A940BC00513E0E /* Constants Template.swift in Sources */ = {isa = PBXBuildFile; fileRef = CEFDBB3129A940BC00513E0E /* Constants Template.swift */; };
/* End PBXBuildFile section */

/* Begin PBXFileReference section */
		CE7C549A29A938C400B03731 /* WeatherApp.app */ = {isa = PBXFileReference; explicitFileType = wrapper.application; includeInIndex = 0; path = WeatherApp.app; sourceTree = BUILT_PRODUCTS_DIR; };
		CE7C549D29A938C400B03731 /* AppDelegate.swift */ = {isa = PBXFileReference; lastKnownFileType = sourcecode.swift; path = AppDelegate.swift; sourceTree = "<group>"; };
		CE7C549F29A938C400B03731 /* SceneDelegate.swift */ = {isa = PBXFileReference; lastKnownFileType = sourcecode.swift; path = SceneDelegate.swift; sourceTree = "<group>"; };
		CE7C54A129A938C400B03731 /* ViewController.swift */ = {isa = PBXFileReference; lastKnownFileType = sourcecode.swift; path = ViewController.swift; sourceTree = "<group>"; };
		CE7C54A429A938C400B03731 /* Base */ = {isa = PBXFileReference; lastKnownFileType = file.storyboard; name = Base; path = Base.lproj/Main.storyboard; sourceTree = "<group>"; };
		CE7C54A629A938C700B03731 /* Assets.xcassets */ = {isa = PBXFileReference; lastKnownFileType = folder.assetcatalog; path = Assets.xcassets; sourceTree = "<group>"; };
		CE7C54A929A938C700B03731 /* Base */ = {isa = PBXFileReference; lastKnownFileType = file.storyboard; name = Base; path = Base.lproj/LaunchScreen.storyboard; sourceTree = "<group>"; };
		CE7C54AB29A938C700B03731 /* Info.plist */ = {isa = PBXFileReference; lastKnownFileType = text.plist.xml; path = Info.plist; sourceTree = "<group>"; };
		CE7C54B129A939DC00B03731 /* WeatherModel.swift */ = {isa = PBXFileReference; lastKnownFileType = sourcecode.swift; path = WeatherModel.swift; sourceTree = "<group>"; };
		CE7C54B329A939FD00B03731 /* WeatherData.swift */ = {isa = PBXFileReference; lastKnownFileType = sourcecode.swift; path = WeatherData.swift; sourceTree = "<group>"; };
		CE7C54B529A93A2800B03731 /* WeatherManager.swift */ = {isa = PBXFileReference; lastKnownFileType = sourcecode.swift; path = WeatherManager.swift; sourceTree = "<group>"; };
		CE7C54B729A93A3600B03731 /* Constants.swift */ = {isa = PBXFileReference; lastKnownFileType = sourcecode.swift; path = Constants.swift; sourceTree = "<group>"; };
		CEFDBB3129A940BC00513E0E /* Constants Template.swift */ = {isa = PBXFileReference; lastKnownFileType = sourcecode.swift; path = "Constants Template.swift"; sourceTree = "<group>"; };
/* End PBXFileReference section */

/* Begin PBXFrameworksBuildPhase section */
		CE7C549729A938C400B03731 /* Frameworks */ = {
			isa = PBXFrameworksBuildPhase;
			buildActionMask = 2147483647;
			files = (
			);
			runOnlyForDeploymentPostprocessing = 0;
		};
/* End PBXFrameworksBuildPhase section */

/* Begin PBXGroup section */
		CE7C549129A938C400B03731 = {
			isa = PBXGroup;
			children = (
				CE7C549C29A938C400B03731 /* WeatherApp */,
				CE7C549B29A938C400B03731 /* Products */,
			);
			sourceTree = "<group>";
		};
		CE7C549B29A938C400B03731 /* Products */ = {
			isa = PBXGroup;
			children = (
				CE7C549A29A938C400B03731 /* WeatherApp.app */,
			);
			name = Products;
			sourceTree = "<group>";
		};
		CE7C549C29A938C400B03731 /* WeatherApp */ = {
			isa = PBXGroup;
			children = (
				CE7C549D29A938C400B03731 /* AppDelegate.swift */,
				CE7C549F29A938C400B03731 /* SceneDelegate.swift */,
				CEFDBB2E29A9403700513E0E /* Controller */,
				CEFDBB2D29A9401E00513E0E /* Model */,
				CEFDBB3029A9409800513E0E /* Helpers */,
				CEFDBB2F29A9404F00513E0E /* View */,
				CE7C54A629A938C700B03731 /* Assets.xcassets */,
				CE7C54A829A938C700B03731 /* LaunchScreen.storyboard */,
				CE7C54AB29A938C700B03731 /* Info.plist */,
			);
			path = WeatherApp;
			sourceTree = "<group>";
		};
		CEFDBB2D29A9401E00513E0E /* Model */ = {
			isa = PBXGroup;
			children = (
				CE7C54B329A939FD00B03731 /* WeatherData.swift */,
				CE7C54B529A93A2800B03731 /* WeatherManager.swift */,
				CE7C54B129A939DC00B03731 /* WeatherModel.swift */,
			);
			path = Model;
			sourceTree = "<group>";
		};
		CEFDBB2E29A9403700513E0E /* Controller */ = {
			isa = PBXGroup;
			children = (
				CE7C54A129A938C400B03731 /* ViewController.swift */,
			);
			path = Controller;
			sourceTree = "<group>";
		};
		CEFDBB2F29A9404F00513E0E /* View */ = {
			isa = PBXGroup;
			children = (
				CE7C54A329A938C400B03731 /* Main.storyboard */,
			);
			path = View;
			sourceTree = "<group>";
		};
		CEFDBB3029A9409800513E0E /* Helpers */ = {
			isa = PBXGroup;
			children = (
				CE7C54B729A93A3600B03731 /* Constants.swift */,
				CEFDBB3129A940BC00513E0E /* Constants Template.swift */,
			);
			path = Helpers;
			sourceTree = "<group>";
		};
/* End PBXGroup section */

/* Begin PBXNativeTarget section */
		CE7C549929A938C400B03731 /* WeatherApp */ = {
			isa = PBXNativeTarget;
			buildConfigurationList = CE7C54AE29A938C700B03731 /* Build configuration list for PBXNativeTarget "WeatherApp" */;
			buildPhases = (
				CE7C549629A938C400B03731 /* Sources */,
				CE7C549729A938C400B03731 /* Frameworks */,
				CE7C549829A938C400B03731 /* Resources */,
			);
			buildRules = (
			);
			dependencies = (
			);
			name = WeatherApp;
			productName = WeatherApp;
			productReference = CE7C549A29A938C400B03731 /* WeatherApp.app */;
			productType = "com.apple.product-type.application";
		};
/* End PBXNativeTarget section */

/* Begin PBXProject section */
		CE7C549229A938C400B03731 /* Project object */ = {
			isa = PBXProject;
			attributes = {
				BuildIndependentTargetsInParallel = 1;
				LastSwiftUpdateCheck = 1420;
				LastUpgradeCheck = 1420;
				TargetAttributes = {
					CE7C549929A938C400B03731 = {
						CreatedOnToolsVersion = 14.2;
					};
				};
			};
			buildConfigurationList = CE7C549529A938C400B03731 /* Build configuration list for PBXProject "WeatherApp" */;
			compatibilityVersion = "Xcode 14.0";
			developmentRegion = en;
			hasScannedForEncodings = 0;
			knownRegions = (
				en,
				Base,
			);
			mainGroup = CE7C549129A938C400B03731;
			productRefGroup = CE7C549B29A938C400B03731 /* Products */;
			projectDirPath = "";
			projectRoot = "";
			targets = (
				CE7C549929A938C400B03731 /* WeatherApp */,
			);
		};
/* End PBXProject section */

/* Begin PBXResourcesBuildPhase section */
		CE7C549829A938C400B03731 /* Resources */ = {
			isa = PBXResourcesBuildPhase;
			buildActionMask = 2147483647;
			files = (
				CE7C54AA29A938C700B03731 /* LaunchScreen.storyboard in Resources */,
				CE7C54A729A938C700B03731 /* Assets.xcassets in Resources */,
				CE7C54A529A938C400B03731 /* Main.storyboard in Resources */,
			);
			runOnlyForDeploymentPostprocessing = 0;
		};
/* End PBXResourcesBuildPhase section */

/* Begin PBXSourcesBuildPhase section */
		CE7C549629A938C400B03731 /* Sources */ = {
			isa = PBXSourcesBuildPhase;
			buildActionMask = 2147483647;
			files = (
				CE7C54B629A93A2800B03731 /* WeatherManager.swift in Sources */,
				CE7C54A229A938C400B03731 /* ViewController.swift in Sources */,
				CE7C54B429A939FD00B03731 /* WeatherData.swift in Sources */,
				CE7C549E29A938C400B03731 /* AppDelegate.swift in Sources */,
				CEFDBB3229A940BC00513E0E /* Constants Template.swift in Sources */,
				CE7C54B829A93A3600B03731 /* Constants.swift in Sources */,
				CE7C54B229A939DC00B03731 /* WeatherModel.swift in Sources */,
				CE7C54A029A938C400B03731 /* SceneDelegate.swift in Sources */,
			);
			runOnlyForDeploymentPostprocessing = 0;
		};
/* End PBXSourcesBuildPhase section */

/* Begin PBXVariantGroup section */
		CE7C54A329A938C400B03731 /* Main.storyboard */ = {
			isa = PBXVariantGroup;
			children = (
				CE7C54A429A938C400B03731 /* Base */,
			);
			name = Main.storyboard;
			sourceTree = "<group>";
		};
		CE7C54A829A938C700B03731 /* LaunchScreen.storyboard */ = {
			isa = PBXVariantGroup;
			children = (
				CE7C54A929A938C700B03731 /* Base */,
			);
			name = LaunchScreen.storyboard;
			sourceTree = "<group>";
		};
/* End PBXVariantGroup section */

/* Begin XCBuildConfiguration section */
		CE7C54AC29A938C700B03731 /* Debug */ = {
			isa = XCBuildConfiguration;
			buildSettings = {
				ALWAYS_SEARCH_USER_PATHS = NO;
				CLANG_ANALYZER_NONNULL = YES;
				CLANG_ANALYZER_NUMBER_OBJECT_CONVERSION = YES_AGGRESSIVE;
				CLANG_CXX_LANGUAGE_STANDARD = "gnu++20";
				CLANG_ENABLE_MODULES = YES;
				CLANG_ENABLE_OBJC_ARC = YES;
				CLANG_ENABLE_OBJC_WEAK = YES;
				CLANG_WARN_BLOCK_CAPTURE_AUTORELEASING = YES;
				CLANG_WARN_BOOL_CONVERSION = YES;
				CLANG_WARN_COMMA = YES;
				CLANG_WARN_CONSTANT_CONVERSION = YES;
				CLANG_WARN_DEPRECATED_OBJC_IMPLEMENTATIONS = YES;
				CLANG_WARN_DIRECT_OBJC_ISA_USAGE = YES_ERROR;
				CLANG_WARN_DOCUMENTATION_COMMENTS = YES;
				CLANG_WARN_EMPTY_BODY = YES;
				CLANG_WARN_ENUM_CONVERSION = YES;
				CLANG_WARN_INFINITE_RECURSION = YES;
				CLANG_WARN_INT_CONVERSION = YES;
				CLANG_WARN_NON_LITERAL_NULL_CONVERSION = YES;
				CLANG_WARN_OBJC_IMPLICIT_RETAIN_SELF = YES;
				CLANG_WARN_OBJC_LITERAL_CONVERSION = YES;
				CLANG_WARN_OBJC_ROOT_CLASS = YES_ERROR;
				CLANG_WARN_QUOTED_INCLUDE_IN_FRAMEWORK_HEADER = YES;
				CLANG_WARN_RANGE_LOOP_ANALYSIS = YES;
				CLANG_WARN_STRICT_PROTOTYPES = YES;
				CLANG_WARN_SUSPICIOUS_MOVE = YES;
				CLANG_WARN_UNGUARDED_AVAILABILITY = YES_AGGRESSIVE;
				CLANG_WARN_UNREACHABLE_CODE = YES;
				CLANG_WARN__DUPLICATE_METHOD_MATCH = YES;
				COPY_PHASE_STRIP = NO;
				DEBUG_INFORMATION_FORMAT = dwarf;
				ENABLE_STRICT_OBJC_MSGSEND = YES;
				ENABLE_TESTABILITY = YES;
				GCC_C_LANGUAGE_STANDARD = gnu11;
				GCC_DYNAMIC_NO_PIC = NO;
				GCC_NO_COMMON_BLOCKS = YES;
				GCC_OPTIMIZATION_LEVEL = 0;
				GCC_PREPROCESSOR_DEFINITIONS = (
					"DEBUG=1",
					"$(inherited)",
				);
				GCC_WARN_64_TO_32_BIT_CONVERSION = YES;
				GCC_WARN_ABOUT_RETURN_TYPE = YES_ERROR;
				GCC_WARN_UNDECLARED_SELECTOR = YES;
				GCC_WARN_UNINITIALIZED_AUTOS = YES_AGGRESSIVE;
				GCC_WARN_UNUSED_FUNCTION = YES;
				GCC_WARN_UNUSED_VARIABLE = YES;
				IPHONEOS_DEPLOYMENT_TARGET = 16.2;
				MTL_ENABLE_DEBUG_INFO = INCLUDE_SOURCE;
				MTL_FAST_MATH = YES;
				ONLY_ACTIVE_ARCH = YES;
				SDKROOT = iphoneos;
				SWIFT_ACTIVE_COMPILATION_CONDITIONS = DEBUG;
				SWIFT_OPTIMIZATION_LEVEL = "-Onone";
			};
			name = Debug;
		};
		CE7C54AD29A938C700B03731 /* Release */ = {
			isa = XCBuildConfiguration;
			buildSettings = {
				ALWAYS_SEARCH_USER_PATHS = NO;
				CLANG_ANALYZER_NONNULL = YES;
				CLANG_ANALYZER_NUMBER_OBJECT_CONVERSION = YES_AGGRESSIVE;
				CLANG_CXX_LANGUAGE_STANDARD = "gnu++20";
				CLANG_ENABLE_MODULES = YES;
				CLANG_ENABLE_OBJC_ARC = YES;
				CLANG_ENABLE_OBJC_WEAK = YES;
				CLANG_WARN_BLOCK_CAPTURE_AUTORELEASING = YES;
				CLANG_WARN_BOOL_CONVERSION = YES;
				CLANG_WARN_COMMA = YES;
				CLANG_WARN_CONSTANT_CONVERSION = YES;
				CLANG_WARN_DEPRECATED_OBJC_IMPLEMENTATIONS = YES;
				CLANG_WARN_DIRECT_OBJC_ISA_USAGE = YES_ERROR;
				CLANG_WARN_DOCUMENTATION_COMMENTS = YES;
				CLANG_WARN_EMPTY_BODY = YES;
				CLANG_WARN_ENUM_CONVERSION = YES;
				CLANG_WARN_INFINITE_RECURSION = YES;
				CLANG_WARN_INT_CONVERSION = YES;
				CLANG_WARN_NON_LITERAL_NULL_CONVERSION = YES;
				CLANG_WARN_OBJC_IMPLICIT_RETAIN_SELF = YES;
				CLANG_WARN_OBJC_LITERAL_CONVERSION = YES;
				CLANG_WARN_OBJC_ROOT_CLASS = YES_ERROR;
				CLANG_WARN_QUOTED_INCLUDE_IN_FRAMEWORK_HEADER = YES;
				CLANG_WARN_RANGE_LOOP_ANALYSIS = YES;
				CLANG_WARN_STRICT_PROTOTYPES = YES;
				CLANG_WARN_SUSPICIOUS_MOVE = YES;
				CLANG_WARN_UNGUARDED_AVAILABILITY = YES_AGGRESSIVE;
				CLANG_WARN_UNREACHABLE_CODE = YES;
				CLANG_WARN__DUPLICATE_METHOD_MATCH = YES;
				COPY_PHASE_STRIP = NO;
				DEBUG_INFORMATION_FORMAT = "dwarf-with-dsym";
				ENABLE_NS_ASSERTIONS = NO;
				ENABLE_STRICT_OBJC_MSGSEND = YES;
				GCC_C_LANGUAGE_STANDARD = gnu11;
				GCC_NO_COMMON_BLOCKS = YES;
				GCC_WARN_64_TO_32_BIT_CONVERSION = YES;
				GCC_WARN_ABOUT_RETURN_TYPE = YES_ERROR;
				GCC_WARN_UNDECLARED_SELECTOR = YES;
				GCC_WARN_UNINITIALIZED_AUTOS = YES_AGGRESSIVE;
				GCC_WARN_UNUSED_FUNCTION = YES;
				GCC_WARN_UNUSED_VARIABLE = YES;
				IPHONEOS_DEPLOYMENT_TARGET = 16.2;
				MTL_ENABLE_DEBUG_INFO = NO;
				MTL_FAST_MATH = YES;
				SDKROOT = iphoneos;
				SWIFT_COMPILATION_MODE = wholemodule;
				SWIFT_OPTIMIZATION_LEVEL = "-O";
				VALIDATE_PRODUCT = YES;
			};
			name = Release;
		};
		CE7C54AF29A938C700B03731 /* Debug */ = {
			isa = XCBuildConfiguration;
			buildSettings = {
				ASSETCATALOG_COMPILER_APPICON_NAME = AppIcon;
				ASSETCATALOG_COMPILER_GLOBAL_ACCENT_COLOR_NAME = AccentColor;
				CODE_SIGN_STYLE = Automatic;
				CURRENT_PROJECT_VERSION = 1;
				DEVELOPMENT_TEAM = 27U24P6TTJ;
				GENERATE_INFOPLIST_FILE = YES;
				INFOPLIST_FILE = WeatherApp/Info.plist;
				INFOPLIST_KEY_UIApplicationSupportsIndirectInputEvents = YES;
				INFOPLIST_KEY_UILaunchStoryboardName = LaunchScreen;
				INFOPLIST_KEY_UIMainStoryboardFile = Main;
				INFOPLIST_KEY_UISupportedInterfaceOrientations_iPad = "UIInterfaceOrientationPortrait UIInterfaceOrientationPortraitUpsideDown UIInterfaceOrientationLandscapeLeft UIInterfaceOrientationLandscapeRight";
				INFOPLIST_KEY_UISupportedInterfaceOrientations_iPhone = "UIInterfaceOrientationPortrait UIInterfaceOrientationLandscapeLeft UIInterfaceOrientationLandscapeRight";
				LD_RUNPATH_SEARCH_PATHS = (
					"$(inherited)",
					"@executable_path/Frameworks",
				);
				MARKETING_VERSION = 1.0;
				PRODUCT_BUNDLE_IDENTIFIER = com.liliyavelboy.WeatherApp;
				PRODUCT_NAME = "$(TARGET_NAME)";
				SWIFT_EMIT_LOC_STRINGS = YES;
				SWIFT_VERSION = 5.0;
				TARGETED_DEVICE_FAMILY = "1,2";
			};
			name = Debug;
		};
		CE7C54B029A938C700B03731 /* Release */ = {
			isa = XCBuildConfiguration;
			buildSettings = {
				ASSETCATALOG_COMPILER_APPICON_NAME = AppIcon;
				ASSETCATALOG_COMPILER_GLOBAL_ACCENT_COLOR_NAME = AccentColor;
				CODE_SIGN_STYLE = Automatic;
				CURRENT_PROJECT_VERSION = 1;
				DEVELOPMENT_TEAM = 27U24P6TTJ;
				GENERATE_INFOPLIST_FILE = YES;
				INFOPLIST_FILE = WeatherApp/Info.plist;
				INFOPLIST_KEY_UIApplicationSupportsIndirectInputEvents = YES;
				INFOPLIST_KEY_UILaunchStoryboardName = LaunchScreen;
				INFOPLIST_KEY_UIMainStoryboardFile = Main;
				INFOPLIST_KEY_UISupportedInterfaceOrientations_iPad = "UIInterfaceOrientationPortrait UIInterfaceOrientationPortraitUpsideDown UIInterfaceOrientationLandscapeLeft UIInterfaceOrientationLandscapeRight";
				INFOPLIST_KEY_UISupportedInterfaceOrientations_iPhone = "UIInterfaceOrientationPortrait UIInterfaceOrientationLandscapeLeft UIInterfaceOrientationLandscapeRight";
				LD_RUNPATH_SEARCH_PATHS = (
					"$(inherited)",
					"@executable_path/Frameworks",
				);
				MARKETING_VERSION = 1.0;
				PRODUCT_BUNDLE_IDENTIFIER = com.liliyavelboy.WeatherApp;
				PRODUCT_NAME = "$(TARGET_NAME)";
				SWIFT_EMIT_LOC_STRINGS = YES;
				SWIFT_VERSION = 5.0;
				TARGETED_DEVICE_FAMILY = "1,2";
			};
			name = Release;
		};
/* End XCBuildConfiguration section */

/* Begin XCConfigurationList section */
		CE7C549529A938C400B03731 /* Build configuration list for PBXProject "WeatherApp" */ = {
			isa = XCConfigurationList;
			buildConfigurations = (
				CE7C54AC29A938C700B03731 /* Debug */,
				CE7C54AD29A938C700B03731 /* Release */,
			);
			defaultConfigurationIsVisible = 0;
			defaultConfigurationName = Release;
		};
		CE7C54AE29A938C700B03731 /* Build configuration list for PBXNativeTarget "WeatherApp" */ = {
			isa = XCConfigurationList;
			buildConfigurations = (
				CE7C54AF29A938C700B03731 /* Debug */,
				CE7C54B029A938C700B03731 /* Release */,
			);
			defaultConfigurationIsVisible = 0;
			defaultConfigurationName = Release;
		};
/* End XCConfigurationList section */
	};
	rootObject = CE7C549229A938C400B03731 /* Project object */;
}
